
Microsoft Visual Studio Solution File, Format Version 12.00
# Visual Studio Version 17
VisualStudioVersion = 17.9.34607.119
MinimumVisualStudioVersion = 10.0.40219.1
Project("{FAE04EC0-301F-11D3-BF4B-00C04F79EFBC}") = "Presentacion", "Presentacion\Presentacion.csproj", "{2E36F5D2-BB78-4E2B-A37A-D702E5B183B8}"
EndProject
Project("{FAE04EC0-301F-11D3-BF4B-00C04F79EFBC}") = "Dominio", "Dominio\Dominio.csproj", "{B3B85D98-3B4D-4965-B107-258F5781F3D9}"
EndProject
Project("{FAE04EC0-301F-11D3-BF4B-00C04F79EFBC}") = "Negocio", "Negocio\Negocio.csproj", "{E430334C-2659-4F69-A17C-E215143D1493}"
EndProject
Global
	GlobalSection(SolutionConfigurationPlatforms) = preSolution
		Debug|Any CPU = Debug|Any CPU
		Release|Any CPU = Release|Any CPU
	EndGlobalSection
	GlobalSection(ProjectConfigurationPlatforms) = postSolution
		{2E36F5D2-BB78-4E2B-A37A-D702E5B183B8}.Debug|Any CPU.ActiveCfg = Debug|Any CPU
		{2E36F5D2-BB78-4E2B-A37A-D702E5B183B8}.Debug|Any CPU.Build.0 = Debug|Any CPU
		{2E36F5D2-BB78-4E2B-A37A-D702E5B183B8}.Release|Any CPU.ActiveCfg = Release|Any CPU
		{2E36F5D2-BB78-4E2B-A37A-D702E5B183B8}.Release|Any CPU.Build.0 = Release|Any CPU
		{B3B85D98-3B4D-4965-B107-258F5781F3D9}.Debug|Any CPU.ActiveCfg = Debug|Any CPU
		{B3B85D98-3B4D-4965-B107-258F5781F3D9}.Debug|Any CPU.Build.0 = Debug|Any CPU
		{B3B85D98-3B4D-4965-B107-258F5781F3D9}.Release|Any CPU.ActiveCfg = Release|Any CPU
		{B3B85D98-3B4D-4965-B107-258F5781F3D9}.Release|Any CPU.Build.0 = Release|Any CPU
		{E430334C-2659-4F69-A17C-E215143D1493}.Debug|Any CPU.ActiveCfg = Debug|Any CPU
		{E430334C-2659-4F69-A17C-E215143D1493}.Debug|Any CPU.Build.0 = Debug|Any CPU
		{E430334C-2659-4F69-A17C-E215143D1493}.Release|Any CPU.ActiveCfg = Release|Any CPU
		{E430334C-2659-4F69-A17C-E215143D1493}.Release|Any CPU.Build.0 = Release|Any CPU
	EndGlobalSection
	GlobalSection(SolutionProperties) = preSolution
		HideSolutionNode = FALSE
	EndGlobalSection
	GlobalSection(ExtensibilityGlobals) = postSolution
		SolutionGuid = {4DA34A0D-0CF6-40A3-B569-06BFFFAAEAE3}
	EndGlobalSection
EndGlobal
